{
  "name": "chioro-toolbox",
  "version": "1.0.0",
  "lockfileVersion": 2,
  "requires": true,
  "packages": {
    "": {
      "name": "chioro-toolbox",
      "version": "1.0.0",
      "license": "ISC",
      "dependencies": {
        "date-fns": "^2.29.3",
        "decimal": "^0.0.2",
        "js-big-decimal": "^2.0.7"
      }
    },
    "node_modules/date-fns": {
      "version": "2.29.3",
      "resolved": "https://registry.npmjs.org/date-fns/-/date-fns-2.29.3.tgz",
      "integrity": "sha512-dDCnyH2WnnKusqvZZ6+jA1O51Ibt8ZMRNkDZdyAyK4YfbDwa/cEmuztzG5pk6hqlp9aSBPYcjOlktquahGwGeA==",
      "engines": {
        "node": ">=0.11"
      },
      "funding": {
        "type": "opencollective",
        "url": "https://opencollective.com/date-fns"
      }
    },
    "node_modules/decimal": {
      "version": "0.0.2",
      "resolved": "https://registry.npmjs.org/decimal/-/decimal-0.0.2.tgz",
      "integrity": "sha512-puX1+D5GlpXYH0kDejnu8F2jsGLKRePc7eOznNjqMbA2otl7AzvubrvvZVmOvRCHhsqeAPKNcAxHHbevsH/1qg==",
      "engines": {
        "node": "0.4.x"
      }
    },
    "node_modules/js-big-decimal": {
      "version": "2.0.7",
      "resolved": "https://registry.npmjs.org/js-big-decimal/-/js-big-decimal-2.0.7.tgz",
      "integrity": "sha512-XGc79t2Iv3b7LFlYaTT8WoQBuWL4K81aST+dq2YGHV6giedbnoG0s33ju24Uw/BGqLYfPPgn4HGRrPS2mfKk3Q=="
    }
  },
  "dependencies": {
    "date-fns": {
      "version": "2.29.3",
      "resolved": "https://registry.npmjs.org/date-fns/-/date-fns-2.29.3.tgz",
      "integrity": "sha512-dDCnyH2WnnKusqvZZ6+jA1O51Ibt8ZMRNkDZdyAyK4YfbDwa/cEmuztzG5pk6hqlp9aSBPYcjOlktquahGwGeA=="
    },
    "decimal": {
      "version": "0.0.2",
      "resolved": "https://registry.npmjs.org/decimal/-/decimal-0.0.2.tgz",
      "integrity": "sha512-puX1+D5GlpXYH0kDejnu8F2jsGLKRePc7eOznNjqMbA2otl7AzvubrvvZVmOvRCHhsqeAPKNcAxHHbevsH/1qg=="
    },
    "js-big-decimal": {
      "version": "2.0.7",
      "resolved": "https://registry.npmjs.org/js-big-decimal/-/js-big-decimal-2.0.7.tgz",
      "integrity": "sha512-XGc79t2Iv3b7LFlYaTT8WoQBuWL4K81aST+dq2YGHV6giedbnoG0s33ju24Uw/BGqLYfPPgn4HGRrPS2mfKk3Q=="
    }
  }
}
